
Microsoft Visual Studio Solution File, Format Version 12.00
# Visual Studio 15
VisualStudioVersion = 15.0.27004.2005
MinimumVisualStudioVersion = 10.0.40219.1
Project("{8BC9CEB8-8B4A-11D0-8D11-00A0C91BC942}") = "GetSerial", "GetSerial\GetSerial.vcxproj", "{E393B5C7-45E4-4D91-8593-1E54F4982B9A}"
EndProject
Project("{8BC9CEB8-8B4A-11D0-8D11-00A0C91BC942}") = "OptimalPath", "OptimalPath\OptimalPath.vcxproj", "{8566C3F7-2CBA-41A6-98E5-F81E53D4399E}"
EndProject
Project("{8BC9CEB8-8B4A-11D0-8D11-00A0C91BC942}") = "CreatingMap", "CreatingMap\CreatingMap.vcxproj", "{3639DDBD-17FA-47D4-B0E4-197396F31DBA}"
EndProject
Project("{8BC9CEB8-8B4A-11D0-8D11-00A0C91BC942}") = "ParseGps", "ParseGps\ParseGps.vcxproj", "{AFB5DEC0-0734-4B3C-BC7D-8060F1231C8D}"
EndProject
Project("{8BC9CEB8-8B4A-11D0-8D11-00A0C91BC942}") = "DrivingInGpp", "DrivingInGpp\DrivingInGpp.vcxproj", "{D27AEBFE-0BFB-4633-B354-02925B54B564}"
EndProject
Project("{8BC9CEB8-8B4A-11D0-8D11-00A0C91BC942}") = "GetGpsImu", "GetGpsImu\GetGpsImu.vcxproj", "{D41B59F4-B696-4E46-9C26-31BAB38065C1}"
EndProject
Project("{8BC9CEB8-8B4A-11D0-8D11-00A0C91BC942}") = "GetHeading", "GetHeading\GetHeading.vcxproj", "{DD0B5A88-81EF-40A2-893C-EE4157CACF3C}"
EndProject
Global
	GlobalSection(SolutionConfigurationPlatforms) = preSolution
		Debug|Win32 = Debug|Win32
		Debug|x64 = Debug|x64
		Release|Win32 = Release|Win32
		Release|x64 = Release|x64
	EndGlobalSection
	GlobalSection(ProjectConfigurationPlatforms) = postSolution
		{E393B5C7-45E4-4D91-8593-1E54F4982B9A}.Debug|Win32.ActiveCfg = Debug|Win32
		{E393B5C7-45E4-4D91-8593-1E54F4982B9A}.Debug|Win32.Build.0 = Debug|Win32
		{E393B5C7-45E4-4D91-8593-1E54F4982B9A}.Debug|x64.ActiveCfg = Debug|Win32
		{E393B5C7-45E4-4D91-8593-1E54F4982B9A}.Release|Win32.ActiveCfg = Release|Win32
		{E393B5C7-45E4-4D91-8593-1E54F4982B9A}.Release|Win32.Build.0 = Release|Win32
		{E393B5C7-45E4-4D91-8593-1E54F4982B9A}.Release|x64.ActiveCfg = Release|Win32
		{8566C3F7-2CBA-41A6-98E5-F81E53D4399E}.Debug|Win32.ActiveCfg = Debug|Win32
		{8566C3F7-2CBA-41A6-98E5-F81E53D4399E}.Debug|Win32.Build.0 = Debug|Win32
		{8566C3F7-2CBA-41A6-98E5-F81E53D4399E}.Debug|x64.ActiveCfg = Debug|x64
		{8566C3F7-2CBA-41A6-98E5-F81E53D4399E}.Debug|x64.Build.0 = Debug|x64
		{8566C3F7-2CBA-41A6-98E5-F81E53D4399E}.Release|Win32.ActiveCfg = Release|Win32
		{8566C3F7-2CBA-41A6-98E5-F81E53D4399E}.Release|Win32.Build.0 = Release|Win32
		{8566C3F7-2CBA-41A6-98E5-F81E53D4399E}.Release|x64.ActiveCfg = Release|x64
		{8566C3F7-2CBA-41A6-98E5-F81E53D4399E}.Release|x64.Build.0 = Release|x64
		{3639DDBD-17FA-47D4-B0E4-197396F31DBA}.Debug|Win32.ActiveCfg = Debug|Win32
		{3639DDBD-17FA-47D4-B0E4-197396F31DBA}.Debug|Win32.Build.0 = Debug|Win32
		{3639DDBD-17FA-47D4-B0E4-197396F31DBA}.Debug|x64.ActiveCfg = Debug|x64
		{3639DDBD-17FA-47D4-B0E4-197396F31DBA}.Debug|x64.Build.0 = Debug|x64
		{3639DDBD-17FA-47D4-B0E4-197396F31DBA}.Release|Win32.ActiveCfg = Release|Win32
		{3639DDBD-17FA-47D4-B0E4-197396F31DBA}.Release|Win32.Build.0 = Release|Win32
		{3639DDBD-17FA-47D4-B0E4-197396F31DBA}.Release|x64.ActiveCfg = Release|x64
		{3639DDBD-17FA-47D4-B0E4-197396F31DBA}.Release|x64.Build.0 = Release|x64
		{AFB5DEC0-0734-4B3C-BC7D-8060F1231C8D}.Debug|Win32.ActiveCfg = Debug|Win32
		{AFB5DEC0-0734-4B3C-BC7D-8060F1231C8D}.Debug|Win32.Build.0 = Debug|Win32
		{AFB5DEC0-0734-4B3C-BC7D-8060F1231C8D}.Debug|x64.ActiveCfg = Debug|x64
		{AFB5DEC0-0734-4B3C-BC7D-8060F1231C8D}.Debug|x64.Build.0 = Debug|x64
		{AFB5DEC0-0734-4B3C-BC7D-8060F1231C8D}.Release|Win32.ActiveCfg = Release|Win32
		{AFB5DEC0-0734-4B3C-BC7D-8060F1231C8D}.Release|Win32.Build.0 = Release|Win32
		{AFB5DEC0-0734-4B3C-BC7D-8060F1231C8D}.Release|x64.ActiveCfg = Release|x64
		{AFB5DEC0-0734-4B3C-BC7D-8060F1231C8D}.Release|x64.Build.0 = Release|x64
		{D27AEBFE-0BFB-4633-B354-02925B54B564}.Debug|Win32.ActiveCfg = Debug|Win32
		{D27AEBFE-0BFB-4633-B354-02925B54B564}.Debug|Win32.Build.0 = Debug|Win32
		{D27AEBFE-0BFB-4633-B354-02925B54B564}.Debug|x64.ActiveCfg = Debug|x64
		{D27AEBFE-0BFB-4633-B354-02925B54B564}.Debug|x64.Build.0 = Debug|x64
		{D27AEBFE-0BFB-4633-B354-02925B54B564}.Release|Win32.ActiveCfg = Release|Win32
		{D27AEBFE-0BFB-4633-B354-02925B54B564}.Release|Win32.Build.0 = Release|Win32
		{D27AEBFE-0BFB-4633-B354-02925B54B564}.Release|x64.ActiveCfg = Release|x64
		{D27AEBFE-0BFB-4633-B354-02925B54B564}.Release|x64.Build.0 = Release|x64
		{D41B59F4-B696-4E46-9C26-31BAB38065C1}.Debug|Win32.ActiveCfg = Debug|Win32
		{D41B59F4-B696-4E46-9C26-31BAB38065C1}.Debug|Win32.Build.0 = Debug|Win32
		{D41B59F4-B696-4E46-9C26-31BAB38065C1}.Debug|x64.ActiveCfg = Debug|x64
		{D41B59F4-B696-4E46-9C26-31BAB38065C1}.Debug|x64.Build.0 = Debug|x64
		{D41B59F4-B696-4E46-9C26-31BAB38065C1}.Release|Win32.ActiveCfg = Release|Win32
		{D41B59F4-B696-4E46-9C26-31BAB38065C1}.Release|Win32.Build.0 = Release|Win32
		{D41B59F4-B696-4E46-9C26-31BAB38065C1}.Release|x64.ActiveCfg = Release|x64
		{D41B59F4-B696-4E46-9C26-31BAB38065C1}.Release|x64.Build.0 = Release|x64
		{DD0B5A88-81EF-40A2-893C-EE4157CACF3C}.Debug|Win32.ActiveCfg = Debug|Win32
		{DD0B5A88-81EF-40A2-893C-EE4157CACF3C}.Debug|Win32.Build.0 = Debug|Win32
		{DD0B5A88-81EF-40A2-893C-EE4157CACF3C}.Debug|x64.ActiveCfg = Debug|x64
		{DD0B5A88-81EF-40A2-893C-EE4157CACF3C}.Debug|x64.Build.0 = Debug|x64
		{DD0B5A88-81EF-40A2-893C-EE4157CACF3C}.Release|Win32.ActiveCfg = Release|Win32
		{DD0B5A88-81EF-40A2-893C-EE4157CACF3C}.Release|Win32.Build.0 = Release|Win32
		{DD0B5A88-81EF-40A2-893C-EE4157CACF3C}.Release|x64.ActiveCfg = Release|x64
		{DD0B5A88-81EF-40A2-893C-EE4157CACF3C}.Release|x64.Build.0 = Release|x64
	EndGlobalSection
	GlobalSection(SolutionProperties) = preSolution
		HideSolutionNode = FALSE
	EndGlobalSection
	GlobalSection(ExtensibilityGlobals) = postSolution
		SolutionGuid = {ED050EAB-7BED-40E4-BAE5-1B74449800DF}
	EndGlobalSection
EndGlobal
