
Microsoft Visual Studio Solution File, Format Version 12.00
# Visual Studio 15
VisualStudioVersion = 15.0.26730.15
MinimumVisualStudioVersion = 10.0.40219.1
Project("{8BC9CEB8-8B4A-11D0-8D11-00A0C91BC942}") = "GetSerial", "GetSerial\GetSerial.vcxproj", "{E393B5C7-45E4-4D91-8593-1E54F4982B9A}"
EndProject
Project("{8BC9CEB8-8B4A-11D0-8D11-00A0C91BC942}") = "Ublox_parser", "Ublox_parser\Ublox_parser.vcxproj", "{CBE68D8E-232B-4D5C-9FDF-356313B5497A}"
EndProject
Project("{8BC9CEB8-8B4A-11D0-8D11-00A0C91BC942}") = "Parse_From_Serial", "Parse_From_Serial\Parse_From_Serial.vcxproj", "{3179605F-399C-4253-971F-EA0EA2C25B5E}"
EndProject
Project("{8BC9CEB8-8B4A-11D0-8D11-00A0C91BC942}") = "OptimalPath", "OptimalPath\OptimalPath.vcxproj", "{8566C3F7-2CBA-41A6-98E5-F81E53D4399E}"
EndProject
Project("{8BC9CEB8-8B4A-11D0-8D11-00A0C91BC942}") = "CreatingMap", "CreatingMap\CreatingMap.vcxproj", "{3639DDBD-17FA-47D4-B0E4-197396F31DBA}"
EndProject
Global
	GlobalSection(SolutionConfigurationPlatforms) = preSolution
		Debug|Win32 = Debug|Win32
		Debug|x64 = Debug|x64
		Release|Win32 = Release|Win32
		Release|x64 = Release|x64
	EndGlobalSection
	GlobalSection(ProjectConfigurationPlatforms) = postSolution
		{E393B5C7-45E4-4D91-8593-1E54F4982B9A}.Debug|Win32.ActiveCfg = Debug|Win32
		{E393B5C7-45E4-4D91-8593-1E54F4982B9A}.Debug|Win32.Build.0 = Debug|Win32
		{E393B5C7-45E4-4D91-8593-1E54F4982B9A}.Debug|x64.ActiveCfg = Debug|Win32
		{E393B5C7-45E4-4D91-8593-1E54F4982B9A}.Release|Win32.ActiveCfg = Release|Win32
		{E393B5C7-45E4-4D91-8593-1E54F4982B9A}.Release|Win32.Build.0 = Release|Win32
		{E393B5C7-45E4-4D91-8593-1E54F4982B9A}.Release|x64.ActiveCfg = Release|Win32
		{CBE68D8E-232B-4D5C-9FDF-356313B5497A}.Debug|Win32.ActiveCfg = Debug|Win32
		{CBE68D8E-232B-4D5C-9FDF-356313B5497A}.Debug|Win32.Build.0 = Debug|Win32
		{CBE68D8E-232B-4D5C-9FDF-356313B5497A}.Debug|x64.ActiveCfg = Debug|x64
		{CBE68D8E-232B-4D5C-9FDF-356313B5497A}.Debug|x64.Build.0 = Debug|x64
		{CBE68D8E-232B-4D5C-9FDF-356313B5497A}.Release|Win32.ActiveCfg = Release|Win32
		{CBE68D8E-232B-4D5C-9FDF-356313B5497A}.Release|Win32.Build.0 = Release|Win32
		{CBE68D8E-232B-4D5C-9FDF-356313B5497A}.Release|x64.ActiveCfg = Release|x64
		{CBE68D8E-232B-4D5C-9FDF-356313B5497A}.Release|x64.Build.0 = Release|x64
		{3179605F-399C-4253-971F-EA0EA2C25B5E}.Debug|Win32.ActiveCfg = Debug|Win32
		{3179605F-399C-4253-971F-EA0EA2C25B5E}.Debug|Win32.Build.0 = Debug|Win32
		{3179605F-399C-4253-971F-EA0EA2C25B5E}.Debug|x64.ActiveCfg = Debug|x64
		{3179605F-399C-4253-971F-EA0EA2C25B5E}.Debug|x64.Build.0 = Debug|x64
		{3179605F-399C-4253-971F-EA0EA2C25B5E}.Release|Win32.ActiveCfg = Release|Win32
		{3179605F-399C-4253-971F-EA0EA2C25B5E}.Release|Win32.Build.0 = Release|Win32
		{3179605F-399C-4253-971F-EA0EA2C25B5E}.Release|x64.ActiveCfg = Release|x64
		{3179605F-399C-4253-971F-EA0EA2C25B5E}.Release|x64.Build.0 = Release|x64
		{8566C3F7-2CBA-41A6-98E5-F81E53D4399E}.Debug|Win32.ActiveCfg = Debug|Win32
		{8566C3F7-2CBA-41A6-98E5-F81E53D4399E}.Debug|Win32.Build.0 = Debug|Win32
		{8566C3F7-2CBA-41A6-98E5-F81E53D4399E}.Debug|x64.ActiveCfg = Debug|x64
		{8566C3F7-2CBA-41A6-98E5-F81E53D4399E}.Debug|x64.Build.0 = Debug|x64
		{8566C3F7-2CBA-41A6-98E5-F81E53D4399E}.Release|Win32.ActiveCfg = Release|Win32
		{8566C3F7-2CBA-41A6-98E5-F81E53D4399E}.Release|Win32.Build.0 = Release|Win32
		{8566C3F7-2CBA-41A6-98E5-F81E53D4399E}.Release|x64.ActiveCfg = Release|x64
		{8566C3F7-2CBA-41A6-98E5-F81E53D4399E}.Release|x64.Build.0 = Release|x64
		{3639DDBD-17FA-47D4-B0E4-197396F31DBA}.Debug|Win32.ActiveCfg = Debug|Win32
		{3639DDBD-17FA-47D4-B0E4-197396F31DBA}.Debug|Win32.Build.0 = Debug|Win32
		{3639DDBD-17FA-47D4-B0E4-197396F31DBA}.Debug|x64.ActiveCfg = Debug|x64
		{3639DDBD-17FA-47D4-B0E4-197396F31DBA}.Debug|x64.Build.0 = Debug|x64
		{3639DDBD-17FA-47D4-B0E4-197396F31DBA}.Release|Win32.ActiveCfg = Release|Win32
		{3639DDBD-17FA-47D4-B0E4-197396F31DBA}.Release|Win32.Build.0 = Release|Win32
		{3639DDBD-17FA-47D4-B0E4-197396F31DBA}.Release|x64.ActiveCfg = Release|x64
		{3639DDBD-17FA-47D4-B0E4-197396F31DBA}.Release|x64.Build.0 = Release|x64
	EndGlobalSection
	GlobalSection(SolutionProperties) = preSolution
		HideSolutionNode = FALSE
	EndGlobalSection
	GlobalSection(ExtensibilityGlobals) = postSolution
		SolutionGuid = {ED050EAB-7BED-40E4-BAE5-1B74449800DF}
	EndGlobalSection
EndGlobal
